
Microsoft Visual Studio Solution File, Format Version 12.00
# Visual Studio Version 16
VisualStudioVersion = 16.0.29609.76
MinimumVisualStudioVersion = 10.0.40219.1
Project("{FAE04EC0-301F-11D3-BF4B-00C04F79EFBC}") = "TurnipStory", "TurnipStory\TurnipStory.csproj", "{09CA56E8-B894-48AF-8D41-ABF00C306BE2}"
EndProject
Global
	GlobalSection(SolutionConfigurationPlatforms) = preSolution
		Debug|Any CPU = Debug|Any CPU
		Release|Any CPU = Release|Any CPU
	EndGlobalSection
	GlobalSection(ProjectConfigurationPlatforms) = postSolution
		{09CA56E8-B894-48AF-8D41-ABF00C306BE2}.Debug|Any CPU.ActiveCfg = Debug|Any CPU
		{09CA56E8-B894-48AF-8D41-ABF00C306BE2}.Debug|Any CPU.Build.0 = Debug|Any CPU
		{09CA56E8-B894-48AF-8D41-ABF00C306BE2}.Release|Any CPU.ActiveCfg = Release|Any CPU
		{09CA56E8-B894-48AF-8D41-ABF00C306BE2}.Release|Any CPU.Build.0 = Release|Any CPU
	EndGlobalSection
	GlobalSection(SolutionProperties) = preSolution
		HideSolutionNode = FALSE
	EndGlobalSection
	GlobalSection(ExtensibilityGlobals) = postSolution
		SolutionGuid = {DA58BD2D-609D-4149-8ED2-718CF748286E}
	EndGlobalSection
EndGlobal
